
Microsoft Visual Studio Solution File, Format Version 12.00
# Visual Studio Version 16
VisualStudioVersion = 16.0.31005.135
MinimumVisualStudioVersion = 10.0.40219.1
Project("{FAE04EC0-301F-11D3-BF4B-00C04F79EFBC}") = "ReCaptchaPOCs", "ReCaptchaPOCs\ReCaptchaPOCs.csproj", "{D2C023E1-51C7-4143-B467-D3AFDE3E7A44}"
EndProject
Global
	GlobalSection(SolutionConfigurationPlatforms) = preSolution
		Debug|Any CPU = Debug|Any CPU
		Release|Any CPU = Release|Any CPU
	EndGlobalSection
	GlobalSection(ProjectConfigurationPlatforms) = postSolution
		{D2C023E1-51C7-4143-B467-D3AFDE3E7A44}.Debug|Any CPU.ActiveCfg = Debug|Any CPU
		{D2C023E1-51C7-4143-B467-D3AFDE3E7A44}.Debug|Any CPU.Build.0 = Debug|Any CPU
		{D2C023E1-51C7-4143-B467-D3AFDE3E7A44}.Release|Any CPU.ActiveCfg = Release|Any CPU
		{D2C023E1-51C7-4143-B467-D3AFDE3E7A44}.Release|Any CPU.Build.0 = Release|Any CPU
	EndGlobalSection
	GlobalSection(SolutionProperties) = preSolution
		HideSolutionNode = FALSE
	EndGlobalSection
	GlobalSection(ExtensibilityGlobals) = postSolution
		SolutionGuid = {45E74494-CE1A-47AD-A7A4-7858D5693586}
	EndGlobalSection
EndGlobal
